// !$*UTF8*$!
{
	archiveVersion = 1;
	classes = {
	};
	objectVersion = 50;
	objects = {

/* Begin PBXBuildFile section */
		3D039F2B2158E61B001178DC /* AppDelegate.swift in Sources */ = {isa = PBXBuildFile; fileRef = 3D039F2A2158E61B001178DC /* AppDelegate.swift */; };
		3D039F302158E61B001178DC /* Main.storyboard in Resources */ = {isa = PBXBuildFile; fileRef = 3D039F2E2158E61B001178DC /* Main.storyboard */; };
		3D039F322158E61C001178DC /* Assets.xcassets in Resources */ = {isa = PBXBuildFile; fileRef = 3D039F312158E61C001178DC /* Assets.xcassets */; };
		3D039F352158E61C001178DC /* LaunchScreen.storyboard in Resources */ = {isa = PBXBuildFile; fileRef = 3D039F332158E61C001178DC /* LaunchScreen.storyboard */; };
		3D039F402158E61C001178DC /* ios_food_recognitionTests.swift in Sources */ = {isa = PBXBuildFile; fileRef = 3D039F3F2158E61C001178DC /* ios_food_recognitionTests.swift */; };
/* End PBXBuildFile section */

/* Begin PBXContainerItemProxy section */
		3D039F3C2158E61C001178DC /* PBXContainerItemProxy */ = {
			isa = PBXContainerItemProxy;
			containerPortal = 3D039F1F2158E61B001178DC /* Project object */;
			proxyType = 1;
			remoteGlobalIDString = 3D039F262158E61B001178DC;
			remoteInfo = "ios-food-recognition";
		};
/* End PBXContainerItemProxy section */

/* Begin PBXFileReference section */
		3D039F272158E61B001178DC /* ios-food-recognition.app */ = {isa = PBXFileReference; explicitFileType = wrapper.application; includeInIndex = 0; path = "ios-food-recognition.app"; sourceTree = BUILT_PRODUCTS_DIR; };
		3D039F2A2158E61B001178DC /* AppDelegate.swift */ = {isa = PBXFileReference; lastKnownFileType = sourcecode.swift; path = AppDelegate.swift; sourceTree = "<group>"; };
		3D039F2F2158E61B001178DC /* Base */ = {isa = PBXFileReference; lastKnownFileType = file.storyboard; name = Base; path = Base.lproj/Main.storyboard; sourceTree = "<group>"; };
		3D039F312158E61C001178DC /* Assets.xcassets */ = {isa = PBXFileReference; lastKnownFileType = folder.assetcatalog; path = Assets.xcassets; sourceTree = "<group>"; };
		3D039F342158E61C001178DC /* Base */ = {isa = PBXFileReference; lastKnownFileType = file.storyboard; name = Base; path = Base.lproj/LaunchScreen.storyboard; sourceTree = "<group>"; };
		3D039F362158E61C001178DC /* Info.plist */ = {isa = PBXFileReference; lastKnownFileType = text.plist.xml; path = Info.plist; sourceTree = "<group>"; };
		3D039F3B2158E61C001178DC /* ios-food-recognitionTests.xctest */ = {isa = PBXFileReference; explicitFileType = wrapper.cfbundle; includeInIndex = 0; path = "ios-food-recognitionTests.xctest"; sourceTree = BUILT_PRODUCTS_DIR; };
		3D039F3F2158E61C001178DC /* ios_food_recognitionTests.swift */ = {isa = PBXFileReference; lastKnownFileType = sourcecode.swift; path = ios_food_recognitionTests.swift; sourceTree = "<group>"; };
		3D039F412158E61C001178DC /* Info.plist */ = {isa = PBXFileReference; lastKnownFileType = text.plist.xml; path = Info.plist; sourceTree = "<group>"; };
/* End PBXFileReference section */

/* Begin PBXFrameworksBuildPhase section */
		3D039F242158E61B001178DC /* Frameworks */ = {
			isa = PBXFrameworksBuildPhase;
			buildActionMask = 2147483647;
			files = (
			);
			runOnlyForDeploymentPostprocessing = 0;
		};
		3D039F382158E61C001178DC /* Frameworks */ = {
			isa = PBXFrameworksBuildPhase;
			buildActionMask = 2147483647;
			files = (
			);
			runOnlyForDeploymentPostprocessing = 0;
		};
/* End PBXFrameworksBuildPhase section */

/* Begin PBXGroup section */
		3D039F1E2158E61B001178DC = {
			isa = PBXGroup;
			children = (
				3D039F292158E61B001178DC /* ios-food-recognition */,
				3D039F3E2158E61C001178DC /* ios-food-recognitionTests */,
				3D039F282158E61B001178DC /* Products */,
			);
			sourceTree = "<group>";
		};
		3D039F282158E61B001178DC /* Products */ = {
			isa = PBXGroup;
			children = (
				3D039F272158E61B001178DC /* ios-food-recognition.app */,
				3D039F3B2158E61C001178DC /* ios-food-recognitionTests.xctest */,
			);
			name = Products;
			sourceTree = "<group>";
		};
		3D039F292158E61B001178DC /* ios-food-recognition */ = {
			isa = PBXGroup;
			children = (
				3D039F2A2158E61B001178DC /* AppDelegate.swift */,
				3D039F4D2158E64F001178DC /* Views */,
				3D039F4C2158E648001178DC /* ViewControllers */,
				3D039F4B2158E638001178DC /* ModelControllers */,
				3D039F4A2158E631001178DC /* Models */,
				3D039F4E2158E74B001178DC /* Networking */,
				3D039F502158E760001178DC /* Operations */,
				3D039F512158E7BB001178DC /* Utilities */,
				3D039F4F2158E759001178DC /* Resources */,
			);
			path = "ios-food-recognition";
			sourceTree = "<group>";
		};
		3D039F3E2158E61C001178DC /* ios-food-recognitionTests */ = {
			isa = PBXGroup;
			children = (
				3D039F3F2158E61C001178DC /* ios_food_recognitionTests.swift */,
				3D039F412158E61C001178DC /* Info.plist */,
			);
			path = "ios-food-recognitionTests";
			sourceTree = "<group>";
		};
		3D039F4A2158E631001178DC /* Models */ = {
			isa = PBXGroup;
			children = (
			);
			path = Models;
			sourceTree = "<group>";
		};
		3D039F4B2158E638001178DC /* ModelControllers */ = {
			isa = PBXGroup;
			children = (
			);
			path = ModelControllers;
			sourceTree = "<group>";
		};
		3D039F4C2158E648001178DC /* ViewControllers */ = {
			isa = PBXGroup;
			children = (
			);
			path = ViewControllers;
			sourceTree = "<group>";
		};
		3D039F4D2158E64F001178DC /* Views */ = {
			isa = PBXGroup;
			children = (
			);
			path = Views;
			sourceTree = "<group>";
		};
		3D039F4E2158E74B001178DC /* Networking */ = {
			isa = PBXGroup;
			children = (
			);
			path = Networking;
			sourceTree = "<group>";
		};
		3D039F4F2158E759001178DC /* Resources */ = {
			isa = PBXGroup;
			children = (
				3D039F2E2158E61B001178DC /* Main.storyboard */,
				3D039F312158E61C001178DC /* Assets.xcassets */,
				3D039F332158E61C001178DC /* LaunchScreen.storyboard */,
				3D039F362158E61C001178DC /* Info.plist */,
			);
			path = Resources;
			sourceTree = "<group>";
		};
		3D039F502158E760001178DC /* Operations */ = {
			isa = PBXGroup;
			children = (
			);
			path = Operations;
			sourceTree = "<group>";
		};
		3D039F512158E7BB001178DC /* Utilities */ = {
			isa = PBXGroup;
			children = (
			);
			path = Utilities;
			sourceTree = "<group>";
		};
/* End PBXGroup section */

/* Begin PBXNativeTarget section */
		3D039F262158E61B001178DC /* ios-food-recognition */ = {
			isa = PBXNativeTarget;
			buildConfigurationList = 3D039F442158E61C001178DC /* Build configuration list for PBXNativeTarget "ios-food-recognition" */;
			buildPhases = (
				3D039F232158E61B001178DC /* Sources */,
				3D039F242158E61B001178DC /* Frameworks */,
				3D039F252158E61B001178DC /* Resources */,
			);
			buildRules = (
			);
			dependencies = (
			);
			name = "ios-food-recognition";
			productName = "ios-food-recognition";
			productReference = 3D039F272158E61B001178DC /* ios-food-recognition.app */;
			productType = "com.apple.product-type.application";
		};
		3D039F3A2158E61C001178DC /* ios-food-recognitionTests */ = {
			isa = PBXNativeTarget;
			buildConfigurationList = 3D039F472158E61C001178DC /* Build configuration list for PBXNativeTarget "ios-food-recognitionTests" */;
			buildPhases = (
				3D039F372158E61C001178DC /* Sources */,
				3D039F382158E61C001178DC /* Frameworks */,
				3D039F392158E61C001178DC /* Resources */,
			);
			buildRules = (
			);
			dependencies = (
				3D039F3D2158E61C001178DC /* PBXTargetDependency */,
			);
			name = "ios-food-recognitionTests";
			productName = "ios-food-recognitionTests";
			productReference = 3D039F3B2158E61C001178DC /* ios-food-recognitionTests.xctest */;
			productType = "com.apple.product-type.bundle.unit-test";
		};
/* End PBXNativeTarget section */

/* Begin PBXProject section */
		3D039F1F2158E61B001178DC /* Project object */ = {
			isa = PBXProject;
			attributes = {
				LastSwiftUpdateCheck = 1000;
				LastUpgradeCheck = 1000;
				ORGANIZATIONNAME = "De MicheliStefano";
				TargetAttributes = {
					3D039F262158E61B001178DC = {
						CreatedOnToolsVersion = 10.0;
					};
					3D039F3A2158E61C001178DC = {
						CreatedOnToolsVersion = 10.0;
						TestTargetID = 3D039F262158E61B001178DC;
					};
				};
			};
			buildConfigurationList = 3D039F222158E61B001178DC /* Build configuration list for PBXProject "ios-food-recognition" */;
			compatibilityVersion = "Xcode 9.3";
			developmentRegion = en;
			hasScannedForEncodings = 0;
			knownRegions = (
				en,
				Base,
			);
			mainGroup = 3D039F1E2158E61B001178DC;
			productRefGroup = 3D039F282158E61B001178DC /* Products */;
			projectDirPath = "";
			projectRoot = "";
			targets = (
				3D039F262158E61B001178DC /* ios-food-recognition */,
				3D039F3A2158E61C001178DC /* ios-food-recognitionTests */,
			);
		};
/* End PBXProject section */

/* Begin PBXResourcesBuildPhase section */
		3D039F252158E61B001178DC /* Resources */ = {
			isa = PBXResourcesBuildPhase;
			buildActionMask = 2147483647;
			files = (
				3D039F352158E61C001178DC /* LaunchScreen.storyboard in Resources */,
				3D039F322158E61C001178DC /* Assets.xcassets in Resources */,
				3D039F302158E61B001178DC /* Main.storyboard in Resources */,
			);
			runOnlyForDeploymentPostprocessing = 0;
		};
		3D039F392158E61C001178DC /* Resources */ = {
			isa = PBXResourcesBuildPhase;
			buildActionMask = 2147483647;
			files = (
			);
			runOnlyForDeploymentPostprocessing = 0;
		};
/* End PBXResourcesBuildPhase section */

/* Begin PBXSourcesBuildPhase section */
		3D039F232158E61B001178DC /* Sources */ = {
			isa = PBXSourcesBuildPhase;
			buildActionMask = 2147483647;
			files = (
				3D039F2B2158E61B001178DC /* AppDelegate.swift in Sources */,
			);
			runOnlyForDeploymentPostprocessing = 0;
		};
		3D039F372158E61C001178DC /* Sources */ = {
			isa = PBXSourcesBuildPhase;
			buildActionMask = 2147483647;
			files = (
				3D039F402158E61C001178DC /* ios_food_recognitionTests.swift in Sources */,
			);
			runOnlyForDeploymentPostprocessing = 0;
		};
/* End PBXSourcesBuildPhase section */

/* Begin PBXTargetDependency section */
		3D039F3D2158E61C001178DC /* PBXTargetDependency */ = {
			isa = PBXTargetDependency;
			target = 3D039F262158E61B001178DC /* ios-food-recognition */;
			targetProxy = 3D039F3C2158E61C001178DC /* PBXContainerItemProxy */;
		};
/* End PBXTargetDependency section */

/* Begin PBXVariantGroup section */
		3D039F2E2158E61B001178DC /* Main.storyboard */ = {
			isa = PBXVariantGroup;
			children = (
				3D039F2F2158E61B001178DC /* Base */,
			);
			name = Main.storyboard;
			sourceTree = "<group>";
		};
		3D039F332158E61C001178DC /* LaunchScreen.storyboard */ = {
			isa = PBXVariantGroup;
			children = (
				3D039F342158E61C001178DC /* Base */,
			);
			name = LaunchScreen.storyboard;
			sourceTree = "<group>";
		};
/* End PBXVariantGroup section */

/* Begin XCBuildConfiguration section */
		3D039F422158E61C001178DC /* Debug */ = {
			isa = XCBuildConfiguration;
			buildSettings = {
				ALWAYS_SEARCH_USER_PATHS = NO;
				CLANG_ANALYZER_NONNULL = YES;
				CLANG_ANALYZER_NUMBER_OBJECT_CONVERSION = YES_AGGRESSIVE;
				CLANG_CXX_LANGUAGE_STANDARD = "gnu++14";
				CLANG_CXX_LIBRARY = "libc++";
				CLANG_ENABLE_MODULES = YES;
				CLANG_ENABLE_OBJC_ARC = YES;
				CLANG_ENABLE_OBJC_WEAK = YES;
				CLANG_WARN_BLOCK_CAPTURE_AUTORELEASING = YES;
				CLANG_WARN_BOOL_CONVERSION = YES;
				CLANG_WARN_COMMA = YES;
				CLANG_WARN_CONSTANT_CONVERSION = YES;
				CLANG_WARN_DEPRECATED_OBJC_IMPLEMENTATIONS = YES;
				CLANG_WARN_DIRECT_OBJC_ISA_USAGE = YES_ERROR;
				CLANG_WARN_DOCUMENTATION_COMMENTS = YES;
				CLANG_WARN_EMPTY_BODY = YES;
				CLANG_WARN_ENUM_CONVERSION = YES;
				CLANG_WARN_INFINITE_RECURSION = YES;
				CLANG_WARN_INT_CONVERSION = YES;
				CLANG_WARN_NON_LITERAL_NULL_CONVERSION = YES;
				CLANG_WARN_OBJC_IMPLICIT_RETAIN_SELF = YES;
				CLANG_WARN_OBJC_LITERAL_CONVERSION = YES;
				CLANG_WARN_OBJC_ROOT_CLASS = YES_ERROR;
				CLANG_WARN_RANGE_LOOP_ANALYSIS = YES;
				CLANG_WARN_STRICT_PROTOTYPES = YES;
				CLANG_WARN_SUSPICIOUS_MOVE = YES;
				CLANG_WARN_UNGUARDED_AVAILABILITY = YES_AGGRESSIVE;
				CLANG_WARN_UNREACHABLE_CODE = YES;
				CLANG_WARN__DUPLICATE_METHOD_MATCH = YES;
				CODE_SIGN_IDENTITY = "iPhone Developer";
				COPY_PHASE_STRIP = NO;
				DEBUG_INFORMATION_FORMAT = dwarf;
				ENABLE_STRICT_OBJC_MSGSEND = YES;
				ENABLE_TESTABILITY = YES;
				GCC_C_LANGUAGE_STANDARD = gnu11;
				GCC_DYNAMIC_NO_PIC = NO;
				GCC_NO_COMMON_BLOCKS = YES;
				GCC_OPTIMIZATION_LEVEL = 0;
				GCC_PREPROCESSOR_DEFINITIONS = (
					"DEBUG=1",
					"$(inherited)",
				);
				GCC_WARN_64_TO_32_BIT_CONVERSION = YES;
				GCC_WARN_ABOUT_RETURN_TYPE = YES_ERROR;
				GCC_WARN_UNDECLARED_SELECTOR = YES;
				GCC_WARN_UNINITIALIZED_AUTOS = YES_AGGRESSIVE;
				GCC_WARN_UNUSED_FUNCTION = YES;
				GCC_WARN_UNUSED_VARIABLE = YES;
				IPHONEOS_DEPLOYMENT_TARGET = 12.0;
				MTL_ENABLE_DEBUG_INFO = INCLUDE_SOURCE;
				MTL_FAST_MATH = YES;
				ONLY_ACTIVE_ARCH = YES;
				SDKROOT = iphoneos;
				SWIFT_ACTIVE_COMPILATION_CONDITIONS = DEBUG;
				SWIFT_OPTIMIZATION_LEVEL = "-Onone";
			};
			name = Debug;
		};
		3D039F432158E61C001178DC /* Release */ = {
			isa = XCBuildConfiguration;
			buildSettings = {
				ALWAYS_SEARCH_USER_PATHS = NO;
				CLANG_ANALYZER_NONNULL = YES;
				CLANG_ANALYZER_NUMBER_OBJECT_CONVERSION = YES_AGGRESSIVE;
				CLANG_CXX_LANGUAGE_STANDARD = "gnu++14";
				CLANG_CXX_LIBRARY = "libc++";
				CLANG_ENABLE_MODULES = YES;
				CLANG_ENABLE_OBJC_ARC = YES;
				CLANG_ENABLE_OBJC_WEAK = YES;
				CLANG_WARN_BLOCK_CAPTURE_AUTORELEASING = YES;
				CLANG_WARN_BOOL_CONVERSION = YES;
				CLANG_WARN_COMMA = YES;
				CLANG_WARN_CONSTANT_CONVERSION = YES;
				CLANG_WARN_DEPRECATED_OBJC_IMPLEMENTATIONS = YES;
				CLANG_WARN_DIRECT_OBJC_ISA_USAGE = YES_ERROR;
				CLANG_WARN_DOCUMENTATION_COMMENTS = YES;
				CLANG_WARN_EMPTY_BODY = YES;
				CLANG_WARN_ENUM_CONVERSION = YES;
				CLANG_WARN_INFINITE_RECURSION = YES;
				CLANG_WARN_INT_CONVERSION = YES;
				CLANG_WARN_NON_LITERAL_NULL_CONVERSION = YES;
				CLANG_WARN_OBJC_IMPLICIT_RETAIN_SELF = YES;
				CLANG_WARN_OBJC_LITERAL_CONVERSION = YES;
				CLANG_WARN_OBJC_ROOT_CLASS = YES_ERROR;
				CLANG_WARN_RANGE_LOOP_ANALYSIS = YES;
				CLANG_WARN_STRICT_PROTOTYPES = YES;
				CLANG_WARN_SUSPICIOUS_MOVE = YES;
				CLANG_WARN_UNGUARDED_AVAILABILITY = YES_AGGRESSIVE;
				CLANG_WARN_UNREACHABLE_CODE = YES;
				CLANG_WARN__DUPLICATE_METHOD_MATCH = YES;
				CODE_SIGN_IDENTITY = "iPhone Developer";
				COPY_PHASE_STRIP = NO;
				DEBUG_INFORMATION_FORMAT = "dwarf-with-dsym";
				ENABLE_NS_ASSERTIONS = NO;
				ENABLE_STRICT_OBJC_MSGSEND = YES;
				GCC_C_LANGUAGE_STANDARD = gnu11;
				GCC_NO_COMMON_BLOCKS = YES;
				GCC_WARN_64_TO_32_BIT_CONVERSION = YES;
				GCC_WARN_ABOUT_RETURN_TYPE = YES_ERROR;
				GCC_WARN_UNDECLARED_SELECTOR = YES;
				GCC_WARN_UNINITIALIZED_AUTOS = YES_AGGRESSIVE;
				GCC_WARN_UNUSED_FUNCTION = YES;
				GCC_WARN_UNUSED_VARIABLE = YES;
				IPHONEOS_DEPLOYMENT_TARGET = 12.0;
				MTL_ENABLE_DEBUG_INFO = NO;
				MTL_FAST_MATH = YES;
				SDKROOT = iphoneos;
				SWIFT_COMPILATION_MODE = wholemodule;
				SWIFT_OPTIMIZATION_LEVEL = "-O";
				VALIDATE_PRODUCT = YES;
			};
			name = Release;
		};
		3D039F452158E61C001178DC /* Debug */ = {
			isa = XCBuildConfiguration;
			buildSettings = {
				ASSETCATALOG_COMPILER_APPICON_NAME = AppIcon;
				CODE_SIGN_STYLE = Automatic;
				DEVELOPMENT_TEAM = 84BULQXU2Q;
				INFOPLIST_FILE = "$(SRCROOT)/ios-food-recognition/Resources/Info.plist";
				LD_RUNPATH_SEARCH_PATHS = (
					"$(inherited)",
					"@executable_path/Frameworks",
				);
				PRODUCT_BUNDLE_IDENTIFIER = "com.stefano.ios-food-recognition";
				PRODUCT_NAME = "$(TARGET_NAME)";
				SWIFT_VERSION = 4.2;
				TARGETED_DEVICE_FAMILY = "1,2";
			};
			name = Debug;
		};
		3D039F462158E61C001178DC /* Release */ = {
			isa = XCBuildConfiguration;
			buildSettings = {
				ASSETCATALOG_COMPILER_APPICON_NAME = AppIcon;
				CODE_SIGN_STYLE = Automatic;
				DEVELOPMENT_TEAM = 84BULQXU2Q;
				INFOPLIST_FILE = "$(SRCROOT)/ios-food-recognition/Resources/Info.plist";
				LD_RUNPATH_SEARCH_PATHS = (
					"$(inherited)",
					"@executable_path/Frameworks",
				);
				PRODUCT_BUNDLE_IDENTIFIER = "com.stefano.ios-food-recognition";
				PRODUCT_NAME = "$(TARGET_NAME)";
				SWIFT_VERSION = 4.2;
				TARGETED_DEVICE_FAMILY = "1,2";
			};
			name = Release;
		};
		3D039F482158E61C001178DC /* Debug */ = {
			isa = XCBuildConfiguration;
			buildSettings = {
				ALWAYS_EMBED_SWIFT_STANDARD_LIBRARIES = YES;
				BUNDLE_LOADER = "$(TEST_HOST)";
				CODE_SIGN_STYLE = Automatic;
				DEVELOPMENT_TEAM = 84BULQXU2Q;
				INFOPLIST_FILE = "ios-food-recognitionTests/Info.plist";
				LD_RUNPATH_SEARCH_PATHS = (
					"$(inherited)",
					"@executable_path/Frameworks",
					"@loader_path/Frameworks",
				);
				PRODUCT_BUNDLE_IDENTIFIER = "com.stefano.ios-food-recognitionTests";
				PRODUCT_NAME = "$(TARGET_NAME)";
				SWIFT_VERSION = 4.2;
				TARGETED_DEVICE_FAMILY = "1,2";
				TEST_HOST = "$(BUILT_PRODUCTS_DIR)/ios-food-recognition.app/ios-food-recognition";
			};
			name = Debug;
		};
		3D039F492158E61C001178DC /* Release */ = {
			isa = XCBuildConfiguration;
			buildSettings = {
				ALWAYS_EMBED_SWIFT_STANDARD_LIBRARIES = YES;
				BUNDLE_LOADER = "$(TEST_HOST)";
				CODE_SIGN_STYLE = Automatic;
				DEVELOPMENT_TEAM = 84BULQXU2Q;
				INFOPLIST_FILE = "ios-food-recognitionTests/Info.plist";
				LD_RUNPATH_SEARCH_PATHS = (
					"$(inherited)",
					"@executable_path/Frameworks",
					"@loader_path/Frameworks",
				);
				PRODUCT_BUNDLE_IDENTIFIER = "com.stefano.ios-food-recognitionTests";
				PRODUCT_NAME = "$(TARGET_NAME)";
				SWIFT_VERSION = 4.2;
				TARGETED_DEVICE_FAMILY = "1,2";
				TEST_HOST = "$(BUILT_PRODUCTS_DIR)/ios-food-recognition.app/ios-food-recognition";
			};
			name = Release;
		};
/* End XCBuildConfiguration section */

/* Begin XCConfigurationList section */
		3D039F222158E61B001178DC /* Build configuration list for PBXProject "ios-food-recognition" */ = {
			isa = XCConfigurationList;
			buildConfigurations = (
				3D039F422158E61C001178DC /* Debug */,
				3D039F432158E61C001178DC /* Release */,
			);
			defaultConfigurationIsVisible = 0;
			defaultConfigurationName = Release;
		};
		3D039F442158E61C001178DC /* Build configuration list for PBXNativeTarget "ios-food-recognition" */ = {
			isa = XCConfigurationList;
			buildConfigurations = (
				3D039F452158E61C001178DC /* Debug */,
				3D039F462158E61C001178DC /* Release */,
			);
			defaultConfigurationIsVisible = 0;
			defaultConfigurationName = Release;
		};
		3D039F472158E61C001178DC /* Build configuration list for PBXNativeTarget "ios-food-recognitionTests" */ = {
			isa = XCConfigurationList;
			buildConfigurations = (
				3D039F482158E61C001178DC /* Debug */,
				3D039F492158E61C001178DC /* Release */,
			);
			defaultConfigurationIsVisible = 0;
			defaultConfigurationName = Release;
		};
/* End XCConfigurationList section */
	};
	rootObject = 3D039F1F2158E61B001178DC /* Project object */;
}
